// !$*UTF8*$!
{
	archiveVersion = 1;
	classes = {
	};
	objectVersion = 50;
	objects = {

/* Begin PBXBuildFile section */
		5EAA4341A50AF1F3BB4B6D2B /* Pods_ResponsiveSearch.framework in Frameworks */ = {isa = PBXBuildFile; fileRef = 7DE886BBCBA2244367771974 /* Pods_ResponsiveSearch.framework */; };
		D8085F9E24CE05FD005818F9 /* AppDelegate.swift in Sources */ = {isa = PBXBuildFile; fileRef = D8085F9D24CE05FD005818F9 /* AppDelegate.swift */; };
		D8085FA024CE05FD005818F9 /* SceneDelegate.swift in Sources */ = {isa = PBXBuildFile; fileRef = D8085F9F24CE05FD005818F9 /* SceneDelegate.swift */; };
		D8085FA224CE05FD005818F9 /* BooksViewController.swift in Sources */ = {isa = PBXBuildFile; fileRef = D8085FA124CE05FD005818F9 /* BooksViewController.swift */; };
		D8085FA524CE05FD005818F9 /* Main.storyboard in Resources */ = {isa = PBXBuildFile; fileRef = D8085FA324CE05FD005818F9 /* Main.storyboard */; };
		D8085FA724CE0601005818F9 /* Assets.xcassets in Resources */ = {isa = PBXBuildFile; fileRef = D8085FA624CE0601005818F9 /* Assets.xcassets */; };
		D8085FAA24CE0601005818F9 /* LaunchScreen.storyboard in Resources */ = {isa = PBXBuildFile; fileRef = D8085FA824CE0601005818F9 /* LaunchScreen.storyboard */; };
		D8085FB224CE084A005818F9 /* BooksTableViewCell.swift in Sources */ = {isa = PBXBuildFile; fileRef = D8085FB124CE084A005818F9 /* BooksTableViewCell.swift */; };
		D8085FB424CE08E1005818F9 /* Books.swift in Sources */ = {isa = PBXBuildFile; fileRef = D8085FB324CE08E1005818F9 /* Books.swift */; };
/* End PBXBuildFile section */

/* Begin PBXFileReference section */
		544951DA55B95834A84AC045 /* Pods-ResponsiveSearch.release.xcconfig */ = {isa = PBXFileReference; includeInIndex = 1; lastKnownFileType = text.xcconfig; name = "Pods-ResponsiveSearch.release.xcconfig"; path = "Target Support Files/Pods-ResponsiveSearch/Pods-ResponsiveSearch.release.xcconfig"; sourceTree = "<group>"; };
		7DE886BBCBA2244367771974 /* Pods_ResponsiveSearch.framework */ = {isa = PBXFileReference; explicitFileType = wrapper.framework; includeInIndex = 0; path = Pods_ResponsiveSearch.framework; sourceTree = BUILT_PRODUCTS_DIR; };
		D8085F9A24CE05FD005818F9 /* ResponsiveSearch.app */ = {isa = PBXFileReference; explicitFileType = wrapper.application; includeInIndex = 0; path = ResponsiveSearch.app; sourceTree = BUILT_PRODUCTS_DIR; };
		D8085F9D24CE05FD005818F9 /* AppDelegate.swift */ = {isa = PBXFileReference; lastKnownFileType = sourcecode.swift; path = AppDelegate.swift; sourceTree = "<group>"; };
		D8085F9F24CE05FD005818F9 /* SceneDelegate.swift */ = {isa = PBXFileReference; lastKnownFileType = sourcecode.swift; path = SceneDelegate.swift; sourceTree = "<group>"; };
		D8085FA124CE05FD005818F9 /* BooksViewController.swift */ = {isa = PBXFileReference; lastKnownFileType = sourcecode.swift; path = BooksViewController.swift; sourceTree = "<group>"; };
		D8085FA424CE05FD005818F9 /* Base */ = {isa = PBXFileReference; lastKnownFileType = file.storyboard; name = Base; path = Base.lproj/Main.storyboard; sourceTree = "<group>"; };
		D8085FA624CE0601005818F9 /* Assets.xcassets */ = {isa = PBXFileReference; lastKnownFileType = folder.assetcatalog; path = Assets.xcassets; sourceTree = "<group>"; };
		D8085FA924CE0601005818F9 /* Base */ = {isa = PBXFileReference; lastKnownFileType = file.storyboard; name = Base; path = Base.lproj/LaunchScreen.storyboard; sourceTree = "<group>"; };
		D8085FAB24CE0601005818F9 /* Info.plist */ = {isa = PBXFileReference; lastKnownFileType = text.plist.xml; path = Info.plist; sourceTree = "<group>"; };
		D8085FB124CE084A005818F9 /* BooksTableViewCell.swift */ = {isa = PBXFileReference; lastKnownFileType = sourcecode.swift; path = BooksTableViewCell.swift; sourceTree = "<group>"; };
		D8085FB324CE08E1005818F9 /* Books.swift */ = {isa = PBXFileReference; lastKnownFileType = sourcecode.swift; path = Books.swift; sourceTree = "<group>"; };
		F56F46037EC013B229541501 /* Pods-ResponsiveSearch.debug.xcconfig */ = {isa = PBXFileReference; includeInIndex = 1; lastKnownFileType = text.xcconfig; name = "Pods-ResponsiveSearch.debug.xcconfig"; path = "Target Support Files/Pods-ResponsiveSearch/Pods-ResponsiveSearch.debug.xcconfig"; sourceTree = "<group>"; };
/* End PBXFileReference section */

/* Begin PBXFrameworksBuildPhase section */
		D8085F9724CE05FD005818F9 /* Frameworks */ = {
			isa = PBXFrameworksBuildPhase;
			buildActionMask = 2147483647;
			files = (
				5EAA4341A50AF1F3BB4B6D2B /* Pods_ResponsiveSearch.framework in Frameworks */,
			);
			runOnlyForDeploymentPostprocessing = 0;
		};
/* End PBXFrameworksBuildPhase section */

/* Begin PBXGroup section */
		5F31ADBABCB515DA1D237A95 /* Frameworks */ = {
			isa = PBXGroup;
			children = (
				7DE886BBCBA2244367771974 /* Pods_ResponsiveSearch.framework */,
			);
			name = Frameworks;
			sourceTree = "<group>";
		};
		69A891AB8AE19841CEBDC92D /* Pods */ = {
			isa = PBXGroup;
			children = (
				F56F46037EC013B229541501 /* Pods-ResponsiveSearch.debug.xcconfig */,
				544951DA55B95834A84AC045 /* Pods-ResponsiveSearch.release.xcconfig */,
			);
			name = Pods;
			path = Pods;
			sourceTree = "<group>";
		};
		D8085F9124CE05FD005818F9 = {
			isa = PBXGroup;
			children = (
				D8085F9C24CE05FD005818F9 /* ResponsiveSearch */,
				D8085F9B24CE05FD005818F9 /* Products */,
				69A891AB8AE19841CEBDC92D /* Pods */,
				5F31ADBABCB515DA1D237A95 /* Frameworks */,
			);
			sourceTree = "<group>";
		};
		D8085F9B24CE05FD005818F9 /* Products */ = {
			isa = PBXGroup;
			children = (
				D8085F9A24CE05FD005818F9 /* ResponsiveSearch.app */,
			);
			name = Products;
			sourceTree = "<group>";
		};
		D8085F9C24CE05FD005818F9 /* ResponsiveSearch */ = {
			isa = PBXGroup;
			children = (
				D8085F9D24CE05FD005818F9 /* AppDelegate.swift */,
				D8085F9F24CE05FD005818F9 /* SceneDelegate.swift */,
				D8085FB324CE08E1005818F9 /* Books.swift */,
				D8085FA124CE05FD005818F9 /* BooksViewController.swift */,
				D8085FB124CE084A005818F9 /* BooksTableViewCell.swift */,
				D8085FA324CE05FD005818F9 /* Main.storyboard */,
				D8085FA624CE0601005818F9 /* Assets.xcassets */,
				D8085FA824CE0601005818F9 /* LaunchScreen.storyboard */,
				D8085FAB24CE0601005818F9 /* Info.plist */,
			);
			path = ResponsiveSearch;
			sourceTree = "<group>";
		};
/* End PBXGroup section */

/* Begin PBXNativeTarget section */
		D8085F9924CE05FD005818F9 /* ResponsiveSearch */ = {
			isa = PBXNativeTarget;
			buildConfigurationList = D8085FAE24CE0601005818F9 /* Build configuration list for PBXNativeTarget "ResponsiveSearch" */;
			buildPhases = (
				0DB01DF61C984A3A2BFFF46A /* [CP] Check Pods Manifest.lock */,
				D8085F9624CE05FD005818F9 /* Sources */,
				D8085F9724CE05FD005818F9 /* Frameworks */,
				D8085F9824CE05FD005818F9 /* Resources */,
				551FB2336472480A8916A304 /* [CP] Embed Pods Frameworks */,
			);
			buildRules = (
			);
			dependencies = (
			);
			name = ResponsiveSearch;
			productName = ResponsiveSearch;
			productReference = D8085F9A24CE05FD005818F9 /* ResponsiveSearch.app */;
			productType = "com.apple.product-type.application";
		};
/* End PBXNativeTarget section */

/* Begin PBXProject section */
		D8085F9224CE05FD005818F9 /* Project object */ = {
			isa = PBXProject;
			attributes = {
				LastSwiftUpdateCheck = 1160;
				LastUpgradeCheck = 1160;
				ORGANIZATIONNAME = Tarkalabs;
				TargetAttributes = {
					D8085F9924CE05FD005818F9 = {
						CreatedOnToolsVersion = 11.6;
					};
				};
			};
			buildConfigurationList = D8085F9524CE05FD005818F9 /* Build configuration list for PBXProject "ResponsiveSearch" */;
			compatibilityVersion = "Xcode 9.3";
			developmentRegion = en;
			hasScannedForEncodings = 0;
			knownRegions = (
				en,
				Base,
			);
			mainGroup = D8085F9124CE05FD005818F9;
			productRefGroup = D8085F9B24CE05FD005818F9 /* Products */;
			projectDirPath = "";
			projectRoot = "";
			targets = (
				D8085F9924CE05FD005818F9 /* ResponsiveSearch */,
			);
		};
/* End PBXProject section */

/* Begin PBXResourcesBuildPhase section */
		D8085F9824CE05FD005818F9 /* Resources */ = {
			isa = PBXResourcesBuildPhase;
			buildActionMask = 2147483647;
			files = (
				D8085FAA24CE0601005818F9 /* LaunchScreen.storyboard in Resources */,
				D8085FA724CE0601005818F9 /* Assets.xcassets in Resources */,
				D8085FA524CE05FD005818F9 /* Main.storyboard in Resources */,
			);
			runOnlyForDeploymentPostprocessing = 0;
		};
/* End PBXResourcesBuildPhase section */

/* Begin PBXShellScriptBuildPhase section */
		0DB01DF61C984A3A2BFFF46A /* [CP] Check Pods Manifest.lock */ = {
			isa = PBXShellScriptBuildPhase;
			buildActionMask = 2147483647;
			files = (
			);
			inputFileListPaths = (
			);
			inputPaths = (
				"${PODS_PODFILE_DIR_PATH}/Podfile.lock",
				"${PODS_ROOT}/Manifest.lock",
			);
			name = "[CP] Check Pods Manifest.lock";
			outputFileListPaths = (
			);
			outputPaths = (
				"$(DERIVED_FILE_DIR)/Pods-ResponsiveSearch-checkManifestLockResult.txt",
			);
			runOnlyForDeploymentPostprocessing = 0;
			shellPath = /bin/sh;
			shellScript = "diff \"${PODS_PODFILE_DIR_PATH}/Podfile.lock\" \"${PODS_ROOT}/Manifest.lock\" > /dev/null\nif [ $? != 0 ] ; then\n    # print error to STDERR\n    echo \"error: The sandbox is not in sync with the Podfile.lock. Run 'pod install' or update your CocoaPods installation.\" >&2\n    exit 1\nfi\n# This output is used by Xcode 'outputs' to avoid re-running this script phase.\necho \"SUCCESS\" > \"${SCRIPT_OUTPUT_FILE_0}\"\n";
			showEnvVarsInLog = 0;
		};
		551FB2336472480A8916A304 /* [CP] Embed Pods Frameworks */ = {
			isa = PBXShellScriptBuildPhase;
			buildActionMask = 2147483647;
			files = (
			);
			inputFileListPaths = (
				"${PODS_ROOT}/Target Support Files/Pods-ResponsiveSearch/Pods-ResponsiveSearch-frameworks-${CONFIGURATION}-input-files.xcfilelist",
			);
			name = "[CP] Embed Pods Frameworks";
			outputFileListPaths = (
				"${PODS_ROOT}/Target Support Files/Pods-ResponsiveSearch/Pods-ResponsiveSearch-frameworks-${CONFIGURATION}-output-files.xcfilelist",
			);
			runOnlyForDeploymentPostprocessing = 0;
			shellPath = /bin/sh;
			shellScript = "\"${PODS_ROOT}/Target Support Files/Pods-ResponsiveSearch/Pods-ResponsiveSearch-frameworks.sh\"\n";
			showEnvVarsInLog = 0;
		};
/* End PBXShellScriptBuildPhase section */

/* Begin PBXSourcesBuildPhase section */
		D8085F9624CE05FD005818F9 /* Sources */ = {
			isa = PBXSourcesBuildPhase;
			buildActionMask = 2147483647;
			files = (
				D8085FB224CE084A005818F9 /* BooksTableViewCell.swift in Sources */,
				D8085FA224CE05FD005818F9 /* BooksViewController.swift in Sources */,
				D8085F9E24CE05FD005818F9 /* AppDelegate.swift in Sources */,
				D8085FA024CE05FD005818F9 /* SceneDelegate.swift in Sources */,
				D8085FB424CE08E1005818F9 /* Books.swift in Sources */,
			);
			runOnlyForDeploymentPostprocessing = 0;
		};
/* End PBXSourcesBuildPhase section */

/* Begin PBXVariantGroup section */
		D8085FA324CE05FD005818F9 /* Main.storyboard */ = {
			isa = PBXVariantGroup;
			children = (
				D8085FA424CE05FD005818F9 /* Base */,
			);
			name = Main.storyboard;
			sourceTree = "<group>";
		};
		D8085FA824CE0601005818F9 /* LaunchScreen.storyboard */ = {
			isa = PBXVariantGroup;
			children = (
				D8085FA924CE0601005818F9 /* Base */,
			);
			name = LaunchScreen.storyboard;
			sourceTree = "<group>";
		};
/* End PBXVariantGroup section */

/* Begin XCBuildConfiguration section */
		D8085FAC24CE0601005818F9 /* Debug */ = {
			isa = XCBuildConfiguration;
			buildSettings = {
				ALWAYS_SEARCH_USER_PATHS = NO;
				CLANG_ANALYZER_NONNULL = YES;
				CLANG_ANALYZER_NUMBER_OBJECT_CONVERSION = YES_AGGRESSIVE;
				CLANG_CXX_LANGUAGE_STANDARD = "gnu++14";
				CLANG_CXX_LIBRARY = "libc++";
				CLANG_ENABLE_MODULES = YES;
				CLANG_ENABLE_OBJC_ARC = YES;
				CLANG_ENABLE_OBJC_WEAK = YES;
				CLANG_WARN_BLOCK_CAPTURE_AUTORELEASING = YES;
				CLANG_WARN_BOOL_CONVERSION = YES;
				CLANG_WARN_COMMA = YES;
				CLANG_WARN_CONSTANT_CONVERSION = YES;
				CLANG_WARN_DEPRECATED_OBJC_IMPLEMENTATIONS = YES;
				CLANG_WARN_DIRECT_OBJC_ISA_USAGE = YES_ERROR;
				CLANG_WARN_DOCUMENTATION_COMMENTS = YES;
				CLANG_WARN_EMPTY_BODY = YES;
				CLANG_WARN_ENUM_CONVERSION = YES;
				CLANG_WARN_INFINITE_RECURSION = YES;
				CLANG_WARN_INT_CONVERSION = YES;
				CLANG_WARN_NON_LITERAL_NULL_CONVERSION = YES;
				CLANG_WARN_OBJC_IMPLICIT_RETAIN_SELF = YES;
				CLANG_WARN_OBJC_LITERAL_CONVERSION = YES;
				CLANG_WARN_OBJC_ROOT_CLASS = YES_ERROR;
				CLANG_WARN_RANGE_LOOP_ANALYSIS = YES;
				CLANG_WARN_STRICT_PROTOTYPES = YES;
				CLANG_WARN_SUSPICIOUS_MOVE = YES;
				CLANG_WARN_UNGUARDED_AVAILABILITY = YES_AGGRESSIVE;
				CLANG_WARN_UNREACHABLE_CODE = YES;
				CLANG_WARN__DUPLICATE_METHOD_MATCH = YES;
				COPY_PHASE_STRIP = NO;
				DEBUG_INFORMATION_FORMAT = dwarf;
				ENABLE_STRICT_OBJC_MSGSEND = YES;
				ENABLE_TESTABILITY = YES;
				GCC_C_LANGUAGE_STANDARD = gnu11;
				GCC_DYNAMIC_NO_PIC = NO;
				GCC_NO_COMMON_BLOCKS = YES;
				GCC_OPTIMIZATION_LEVEL = 0;
				GCC_PREPROCESSOR_DEFINITIONS = (
					"DEBUG=1",
					"$(inherited)",
				);
				GCC_WARN_64_TO_32_BIT_CONVERSION = YES;
				GCC_WARN_ABOUT_RETURN_TYPE = YES_ERROR;
				GCC_WARN_UNDECLARED_SELECTOR = YES;
				GCC_WARN_UNINITIALIZED_AUTOS = YES_AGGRESSIVE;
				GCC_WARN_UNUSED_FUNCTION = YES;
				GCC_WARN_UNUSED_VARIABLE = YES;
				IPHONEOS_DEPLOYMENT_TARGET = 13.6;
				MTL_ENABLE_DEBUG_INFO = INCLUDE_SOURCE;
				MTL_FAST_MATH = YES;
				ONLY_ACTIVE_ARCH = YES;
				SDKROOT = iphoneos;
				SWIFT_ACTIVE_COMPILATION_CONDITIONS = DEBUG;
				SWIFT_OPTIMIZATION_LEVEL = "-Onone";
			};
			name = Debug;
		};
		D8085FAD24CE0601005818F9 /* Release */ = {
			isa = XCBuildConfiguration;
			buildSettings = {
				ALWAYS_SEARCH_USER_PATHS = NO;
				CLANG_ANALYZER_NONNULL = YES;
				CLANG_ANALYZER_NUMBER_OBJECT_CONVERSION = YES_AGGRESSIVE;
				CLANG_CXX_LANGUAGE_STANDARD = "gnu++14";
				CLANG_CXX_LIBRARY = "libc++";
				CLANG_ENABLE_MODULES = YES;
				CLANG_ENABLE_OBJC_ARC = YES;
				CLANG_ENABLE_OBJC_WEAK = YES;
				CLANG_WARN_BLOCK_CAPTURE_AUTORELEASING = YES;
				CLANG_WARN_BOOL_CONVERSION = YES;
				CLANG_WARN_COMMA = YES;
				CLANG_WARN_CONSTANT_CONVERSION = YES;
				CLANG_WARN_DEPRECATED_OBJC_IMPLEMENTATIONS = YES;
				CLANG_WARN_DIRECT_OBJC_ISA_USAGE = YES_ERROR;
				CLANG_WARN_DOCUMENTATION_COMMENTS = YES;
				CLANG_WARN_EMPTY_BODY = YES;
				CLANG_WARN_ENUM_CONVERSION = YES;
				CLANG_WARN_INFINITE_RECURSION = YES;
				CLANG_WARN_INT_CONVERSION = YES;
				CLANG_WARN_NON_LITERAL_NULL_CONVERSION = YES;
				CLANG_WARN_OBJC_IMPLICIT_RETAIN_SELF = YES;
				CLANG_WARN_OBJC_LITERAL_CONVERSION = YES;
				CLANG_WARN_OBJC_ROOT_CLASS = YES_ERROR;
				CLANG_WARN_RANGE_LOOP_ANALYSIS = YES;
				CLANG_WARN_STRICT_PROTOTYPES = YES;
				CLANG_WARN_SUSPICIOUS_MOVE = YES;
				CLANG_WARN_UNGUARDED_AVAILABILITY = YES_AGGRESSIVE;
				CLANG_WARN_UNREACHABLE_CODE = YES;
				CLANG_WARN__DUPLICATE_METHOD_MATCH = YES;
				COPY_PHASE_STRIP = NO;
				DEBUG_INFORMATION_FORMAT = "dwarf-with-dsym";
				ENABLE_NS_ASSERTIONS = NO;
				ENABLE_STRICT_OBJC_MSGSEND = YES;
				GCC_C_LANGUAGE_STANDARD = gnu11;
				GCC_NO_COMMON_BLOCKS = YES;
				GCC_WARN_64_TO_32_BIT_CONVERSION = YES;
				GCC_WARN_ABOUT_RETURN_TYPE = YES_ERROR;
				GCC_WARN_UNDECLARED_SELECTOR = YES;
				GCC_WARN_UNINITIALIZED_AUTOS = YES_AGGRESSIVE;
				GCC_WARN_UNUSED_FUNCTION = YES;
				GCC_WARN_UNUSED_VARIABLE = YES;
				IPHONEOS_DEPLOYMENT_TARGET = 13.6;
				MTL_ENABLE_DEBUG_INFO = NO;
				MTL_FAST_MATH = YES;
				SDKROOT = iphoneos;
				SWIFT_COMPILATION_MODE = wholemodule;
				SWIFT_OPTIMIZATION_LEVEL = "-O";
				VALIDATE_PRODUCT = YES;
			};
			name = Release;
		};
		D8085FAF24CE0601005818F9 /* Debug */ = {
			isa = XCBuildConfiguration;
			baseConfigurationReference = F56F46037EC013B229541501 /* Pods-ResponsiveSearch.debug.xcconfig */;
			buildSettings = {
				ASSETCATALOG_COMPILER_APPICON_NAME = AppIcon;
				CODE_SIGN_STYLE = Automatic;
				DEVELOPMENT_TEAM = U4ZD52YWPC;
				INFOPLIST_FILE = ResponsiveSearch/Info.plist;
				LD_RUNPATH_SEARCH_PATHS = (
					"$(inherited)",
					"@executable_path/Frameworks",
				);
				PRODUCT_BUNDLE_IDENTIFIER = com.tarkalabs.ResponsiveSearch;
				PRODUCT_NAME = "$(TARGET_NAME)";
				SWIFT_VERSION = 5.0;
				TARGETED_DEVICE_FAMILY = "1,2";
			};
			name = Debug;
		};
		D8085FB024CE0601005818F9 /* Release */ = {
			isa = XCBuildConfiguration;
			baseConfigurationReference = 544951DA55B95834A84AC045 /* Pods-ResponsiveSearch.release.xcconfig */;
			buildSettings = {
				ASSETCATALOG_COMPILER_APPICON_NAME = AppIcon;
				CODE_SIGN_STYLE = Automatic;
				DEVELOPMENT_TEAM = U4ZD52YWPC;
				INFOPLIST_FILE = ResponsiveSearch/Info.plist;
				LD_RUNPATH_SEARCH_PATHS = (
					"$(inherited)",
					"@executable_path/Frameworks",
				);
				PRODUCT_BUNDLE_IDENTIFIER = com.tarkalabs.ResponsiveSearch;
				PRODUCT_NAME = "$(TARGET_NAME)";
				SWIFT_VERSION = 5.0;
				TARGETED_DEVICE_FAMILY = "1,2";
			};
			name = Release;
		};
/* End XCBuildConfiguration section */

/* Begin XCConfigurationList section */
		D8085F9524CE05FD005818F9 /* Build configuration list for PBXProject "ResponsiveSearch" */ = {
			isa = XCConfigurationList;
			buildConfigurations = (
				D8085FAC24CE0601005818F9 /* Debug */,
				D8085FAD24CE0601005818F9 /* Release */,
			);
			defaultConfigurationIsVisible = 0;
			defaultConfigurationName = Release;
		};
		D8085FAE24CE0601005818F9 /* Build configuration list for PBXNativeTarget "ResponsiveSearch" */ = {
			isa = XCConfigurationList;
			buildConfigurations = (
				D8085FAF24CE0601005818F9 /* Debug */,
				D8085FB024CE0601005818F9 /* Release */,
			);
			defaultConfigurationIsVisible = 0;
			defaultConfigurationName = Release;
		};
/* End XCConfigurationList section */
	};
	rootObject = D8085F9224CE05FD005818F9 /* Project object */;
}
